dependencies:
  espressif/nghttp:
    component_hash: e16db3335787c9104404d517236f2c98182038dd03227cacb78f614b5e7ba273
    dependencies:
    - name: idf
      require: private
      version: '>=5.0'
    source:
      registry_url: https://components.espressif.com/
      type: service
    version: 1.68.1
  idf:
    source:
      type: idf
    version: 5.5.3
direct_dependencies:
- espressif/nghttp
manifest_hash: fa07120c829dbcdf53e953ae9ba3742295f06edaa7942f0d6192a6446b5725fd
target: esp32s3
version: 2.0.0
